
Microsoft Visual Studio Solution File, Format Version 12.00
# Visual Studio Version 17
VisualStudioVersion = 17.10.34916.146
MinimumVisualStudioVersion = 10.0.40219.1
Project("{FAE04EC0-301F-11D3-BF4B-00C04F79EFBC}") = "WebApplication1", "WebApplication1\WebApplication1.csproj", "{4FB03BF7-1630-4E87-82A1-2AF487DB1FF7}"
EndProject
Global
	GlobalSection(SolutionConfigurationPlatforms) = preSolution
		Debug|Any CPU = Debug|Any CPU
		Release|Any CPU = Release|Any CPU
	EndGlobalSection
	GlobalSection(ProjectConfigurationPlatforms) = postSolution
		{4FB03BF7-1630-4E87-82A1-2AF487DB1FF7}.Debug|Any CPU.ActiveCfg = Debug|Any CPU
		{4FB03BF7-1630-4E87-82A1-2AF487DB1FF7}.Debug|Any CPU.Build.0 = Debug|Any CPU
		{4FB03BF7-1630-4E87-82A1-2AF487DB1FF7}.Release|Any CPU.ActiveCfg = Release|Any CPU
		{4FB03BF7-1630-4E87-82A1-2AF487DB1FF7}.Release|Any CPU.Build.0 = Release|Any CPU
	EndGlobalSection
	GlobalSection(SolutionProperties) = preSolution
		HideSolutionNode = FALSE
	EndGlobalSection
	GlobalSection(ExtensibilityGlobals) = postSolution
		SolutionGuid = {4058DF7B-6892-488F-A508-CD63859364F9}
	EndGlobalSection
EndGlobal
